
Microsoft Visual Studio Solution File, Format Version 12.00
# Visual Studio Version 17
VisualStudioVersion = 17.13.35919.96 d17.13
MinimumVisualStudioVersion = 10.0.40219.1
Project("{8BC9CEB8-8B4A-11D0-8D11-00A0C91BC942}") = "Экзамен 10-В", "Экзамен 10-В\Экзамен 10-В.vcxproj", "{16CD3892-97C8-4544-BB1E-209905011702}"
EndProject
Global
	GlobalSection(SolutionConfigurationPlatforms) = preSolution
		Debug|x64 = Debug|x64
		Debug|x86 = Debug|x86
		Release|x64 = Release|x64
		Release|x86 = Release|x86
	EndGlobalSection
	GlobalSection(ProjectConfigurationPlatforms) = postSolution
		{16CD3892-97C8-4544-BB1E-209905011702}.Debug|x64.ActiveCfg = Debug|x64
		{16CD3892-97C8-4544-BB1E-209905011702}.Debug|x64.Build.0 = Debug|x64
		{16CD3892-97C8-4544-BB1E-209905011702}.Debug|x86.ActiveCfg = Debug|Win32
		{16CD3892-97C8-4544-BB1E-209905011702}.Debug|x86.Build.0 = Debug|Win32
		{16CD3892-97C8-4544-BB1E-209905011702}.Release|x64.ActiveCfg = Release|x64
		{16CD3892-97C8-4544-BB1E-209905011702}.Release|x64.Build.0 = Release|x64
		{16CD3892-97C8-4544-BB1E-209905011702}.Release|x86.ActiveCfg = Release|Win32
		{16CD3892-97C8-4544-BB1E-209905011702}.Release|x86.Build.0 = Release|Win32
	EndGlobalSection
	GlobalSection(SolutionProperties) = preSolution
		HideSolutionNode = FALSE
	EndGlobalSection
	GlobalSection(ExtensibilityGlobals) = postSolution
		SolutionGuid = {19294D19-9D8A-4058-9695-D947A7DA4D7B}
	EndGlobalSection
EndGlobal
